
Microsoft Visual Studio Solution File, Format Version 12.00
# Visual Studio 15
VisualStudioVersion = 15.0.27428.2015
MinimumVisualStudioVersion = 10.0.40219.1
Project("{FAE04EC0-301F-11D3-BF4B-00C04F79EFBC}") = "ConsoleApp2", "ConsoleApp2.csproj", "{915D02BF-73DD-4B5F-92D9-5E86CBD12266}"
EndProject
Global
	GlobalSection(SolutionConfigurationPlatforms) = preSolution
		Debug|Any CPU = Debug|Any CPU
		Release|Any CPU = Release|Any CPU
	EndGlobalSection
	GlobalSection(ProjectConfigurationPlatforms) = postSolution
		{915D02BF-73DD-4B5F-92D9-5E86CBD12266}.Debug|Any CPU.ActiveCfg = Debug|Any CPU
		{915D02BF-73DD-4B5F-92D9-5E86CBD12266}.Debug|Any CPU.Build.0 = Debug|Any CPU
		{915D02BF-73DD-4B5F-92D9-5E86CBD12266}.Release|Any CPU.ActiveCfg = Release|Any CPU
		{915D02BF-73DD-4B5F-92D9-5E86CBD12266}.Release|Any CPU.Build.0 = Release|Any CPU
	EndGlobalSection
	GlobalSection(SolutionProperties) = preSolution
		HideSolutionNode = FALSE
	EndGlobalSection
	GlobalSection(ExtensibilityGlobals) = postSolution
		SolutionGuid = {21370927-7D60-4B5C-8D45-37C24B0FC1A9}
	EndGlobalSection
EndGlobal
