
Microsoft Visual Studio Solution File, Format Version 12.00
# Visual Studio 15
VisualStudioVersion = 15.0.27428.2015
MinimumVisualStudioVersion = 10.0.40219.1
Project("{FAE04EC0-301F-11D3-BF4B-00C04F79EFBC}") = "Factory", "Factory.csproj", "{C7E15BBC-44C4-4EE7-9DEA-99AC28887605}"
EndProject
Global
	GlobalSection(SolutionConfigurationPlatforms) = preSolution
		Debug|Any CPU = Debug|Any CPU
		Release|Any CPU = Release|Any CPU
	EndGlobalSection
	GlobalSection(ProjectConfigurationPlatforms) = postSolution
		{C7E15BBC-44C4-4EE7-9DEA-99AC28887605}.Debug|Any CPU.ActiveCfg = Debug|Any CPU
		{C7E15BBC-44C4-4EE7-9DEA-99AC28887605}.Debug|Any CPU.Build.0 = Debug|Any CPU
		{C7E15BBC-44C4-4EE7-9DEA-99AC28887605}.Release|Any CPU.ActiveCfg = Release|Any CPU
		{C7E15BBC-44C4-4EE7-9DEA-99AC28887605}.Release|Any CPU.Build.0 = Release|Any CPU
	EndGlobalSection
	GlobalSection(SolutionProperties) = preSolution
		HideSolutionNode = FALSE
	EndGlobalSection
	GlobalSection(ExtensibilityGlobals) = postSolution
		SolutionGuid = {61927E86-253D-42F2-A2A4-96D449B15D47}
	EndGlobalSection
EndGlobal
